
Microsoft Visual Studio Solution File, Format Version 12.00
# Visual Studio Version 16
VisualStudioVersion = 16.0.30225.117
MinimumVisualStudioVersion = 10.0.40219.1
Project("{FAE04EC0-301F-11D3-BF4B-00C04F79EFBC}") = "01-ByteBank", "01-ByteBank\01-ByteBank.csproj", "{959741D0-0158-4BE3-8750-44FAD4F30A35}"
EndProject
Project("{FAE04EC0-301F-11D3-BF4B-00C04F79EFBC}") = "02-ByteBank", "02-ByteBank\02-ByteBank.csproj", "{7D81014E-FC2F-4FCA-99B8-1D7A6768B52F}"
EndProject
Project("{FAE04EC0-301F-11D3-BF4B-00C04F79EFBC}") = "03-ByteBank", "03-ByteBank\03-ByteBank.csproj", "{A97726E0-8EAD-48B3-807E-CF44555EE2B8}"
EndProject
Project("{FAE04EC0-301F-11D3-BF4B-00C04F79EFBC}") = "04-ByteBank", "04-ByteBank\04-ByteBank.csproj", "{DAA058C4-8336-47B8-97CC-36BAFEF7F1ED}"
EndProject
Project("{FAE04EC0-301F-11D3-BF4B-00C04F79EFBC}") = "05-ByteBank", "05-ByteBank\05-ByteBank.csproj", "{621731C6-C437-4769-96E2-4D24133D9920}"
EndProject
Project("{FAE04EC0-301F-11D3-BF4B-00C04F79EFBC}") = "06-ByteBank", "06-ByteBank\06-ByteBank.csproj", "{E6E45C3D-3FD1-40FC-A592-6E5C5F167017}"
EndProject
Project("{FAE04EC0-301F-11D3-BF4B-00C04F79EFBC}") = "07-ByteBank", "07-ByteBank\07-ByteBank.csproj", "{3AAEFF5A-1AC4-4E3D-9F93-2BA4DD84D69E}"
EndProject
Global
	GlobalSection(SolutionConfigurationPlatforms) = preSolution
		Debug|Any CPU = Debug|Any CPU
		Release|Any CPU = Release|Any CPU
	EndGlobalSection
	GlobalSection(ProjectConfigurationPlatforms) = postSolution
		{959741D0-0158-4BE3-8750-44FAD4F30A35}.Debug|Any CPU.ActiveCfg = Debug|Any CPU
		{959741D0-0158-4BE3-8750-44FAD4F30A35}.Debug|Any CPU.Build.0 = Debug|Any CPU
		{959741D0-0158-4BE3-8750-44FAD4F30A35}.Release|Any CPU.ActiveCfg = Release|Any CPU
		{959741D0-0158-4BE3-8750-44FAD4F30A35}.Release|Any CPU.Build.0 = Release|Any CPU
		{7D81014E-FC2F-4FCA-99B8-1D7A6768B52F}.Debug|Any CPU.ActiveCfg = Debug|Any CPU
		{7D81014E-FC2F-4FCA-99B8-1D7A6768B52F}.Debug|Any CPU.Build.0 = Debug|Any CPU
		{7D81014E-FC2F-4FCA-99B8-1D7A6768B52F}.Release|Any CPU.ActiveCfg = Release|Any CPU
		{7D81014E-FC2F-4FCA-99B8-1D7A6768B52F}.Release|Any CPU.Build.0 = Release|Any CPU
		{A97726E0-8EAD-48B3-807E-CF44555EE2B8}.Debug|Any CPU.ActiveCfg = Debug|Any CPU
		{A97726E0-8EAD-48B3-807E-CF44555EE2B8}.Debug|Any CPU.Build.0 = Debug|Any CPU
		{A97726E0-8EAD-48B3-807E-CF44555EE2B8}.Release|Any CPU.ActiveCfg = Release|Any CPU
		{A97726E0-8EAD-48B3-807E-CF44555EE2B8}.Release|Any CPU.Build.0 = Release|Any CPU
		{DAA058C4-8336-47B8-97CC-36BAFEF7F1ED}.Debug|Any CPU.ActiveCfg = Debug|Any CPU
		{DAA058C4-8336-47B8-97CC-36BAFEF7F1ED}.Debug|Any CPU.Build.0 = Debug|Any CPU
		{DAA058C4-8336-47B8-97CC-36BAFEF7F1ED}.Release|Any CPU.ActiveCfg = Release|Any CPU
		{DAA058C4-8336-47B8-97CC-36BAFEF7F1ED}.Release|Any CPU.Build.0 = Release|Any CPU
		{621731C6-C437-4769-96E2-4D24133D9920}.Debug|Any CPU.ActiveCfg = Debug|Any CPU
		{621731C6-C437-4769-96E2-4D24133D9920}.Debug|Any CPU.Build.0 = Debug|Any CPU
		{621731C6-C437-4769-96E2-4D24133D9920}.Release|Any CPU.ActiveCfg = Release|Any CPU
		{621731C6-C437-4769-96E2-4D24133D9920}.Release|Any CPU.Build.0 = Release|Any CPU
		{E6E45C3D-3FD1-40FC-A592-6E5C5F167017}.Debug|Any CPU.ActiveCfg = Debug|Any CPU
		{E6E45C3D-3FD1-40FC-A592-6E5C5F167017}.Debug|Any CPU.Build.0 = Debug|Any CPU
		{E6E45C3D-3FD1-40FC-A592-6E5C5F167017}.Release|Any CPU.ActiveCfg = Release|Any CPU
		{E6E45C3D-3FD1-40FC-A592-6E5C5F167017}.Release|Any CPU.Build.0 = Release|Any CPU
		{3AAEFF5A-1AC4-4E3D-9F93-2BA4DD84D69E}.Debug|Any CPU.ActiveCfg = Debug|Any CPU
		{3AAEFF5A-1AC4-4E3D-9F93-2BA4DD84D69E}.Debug|Any CPU.Build.0 = Debug|Any CPU
		{3AAEFF5A-1AC4-4E3D-9F93-2BA4DD84D69E}.Release|Any CPU.ActiveCfg = Release|Any CPU
		{3AAEFF5A-1AC4-4E3D-9F93-2BA4DD84D69E}.Release|Any CPU.Build.0 = Release|Any CPU
	EndGlobalSection
	GlobalSection(SolutionProperties) = preSolution
		HideSolutionNode = FALSE
	EndGlobalSection
	GlobalSection(ExtensibilityGlobals) = postSolution
		SolutionGuid = {C2A68126-7EBF-4A82-8DC8-8EAC9273ECAA}
	EndGlobalSection
EndGlobal
