
Microsoft Visual Studio Solution File, Format Version 12.00
# Visual Studio Version 16
VisualStudioVersion = 16.0.30225.117
MinimumVisualStudioVersion = 10.0.40219.1
Project("{FAE04EC0-301F-11D3-BF4B-00C04F79EFBC}") = "ByteBank", "ByteBank\ByteBank.csproj", "{8F6A88A7-F956-4B60-9919-CF794584945C}"
EndProject
Global
	GlobalSection(SolutionConfigurationPlatforms) = preSolution
		Debug|Any CPU = Debug|Any CPU
		Release|Any CPU = Release|Any CPU
	EndGlobalSection
	GlobalSection(ProjectConfigurationPlatforms) = postSolution
		{8F6A88A7-F956-4B60-9919-CF794584945C}.Debug|Any CPU.ActiveCfg = Debug|Any CPU
		{8F6A88A7-F956-4B60-9919-CF794584945C}.Debug|Any CPU.Build.0 = Debug|Any CPU
		{8F6A88A7-F956-4B60-9919-CF794584945C}.Release|Any CPU.ActiveCfg = Release|Any CPU
		{8F6A88A7-F956-4B60-9919-CF794584945C}.Release|Any CPU.Build.0 = Release|Any CPU
	EndGlobalSection
	GlobalSection(SolutionProperties) = preSolution
		HideSolutionNode = FALSE
	EndGlobalSection
	GlobalSection(ExtensibilityGlobals) = postSolution
		SolutionGuid = {B20580D3-F43D-4FB1-A636-5C1A73EE14CA}
	EndGlobalSection
EndGlobal
